// !$*UTF8*$!
{
	archiveVersion = 1;
	classes = {
	};
	objectVersion = 50;
	objects = {

/* Begin PBXBuildFile section */
		B90FC1D2252C2B7B00170D48 /* AppDelegate.swift in Sources */ = {isa = PBXBuildFile; fileRef = B90FC1D1252C2B7B00170D48 /* AppDelegate.swift */; };
		B90FC1D4252C2B7B00170D48 /* SceneDelegate.swift in Sources */ = {isa = PBXBuildFile; fileRef = B90FC1D3252C2B7B00170D48 /* SceneDelegate.swift */; };
		B90FC1D6252C2B7B00170D48 /* ViewController.swift in Sources */ = {isa = PBXBuildFile; fileRef = B90FC1D5252C2B7B00170D48 /* ViewController.swift */; };
		B90FC1D9252C2B7B00170D48 /* Main.storyboard in Resources */ = {isa = PBXBuildFile; fileRef = B90FC1D7252C2B7B00170D48 /* Main.storyboard */; };
		B90FC1DB252C2B8100170D48 /* Assets.xcassets in Resources */ = {isa = PBXBuildFile; fileRef = B90FC1DA252C2B8100170D48 /* Assets.xcassets */; };
		B90FC1DE252C2B8100170D48 /* LaunchScreen.storyboard in Resources */ = {isa = PBXBuildFile; fileRef = B90FC1DC252C2B8100170D48 /* LaunchScreen.storyboard */; };
/* End PBXBuildFile section */

/* Begin PBXFileReference section */
		B90FC1CE252C2B7B00170D48 /* LearnAnimation.app */ = {isa = PBXFileReference; explicitFileType = wrapper.application; includeInIndex = 0; path = LearnAnimation.app; sourceTree = BUILT_PRODUCTS_DIR; };
		B90FC1D1252C2B7B00170D48 /* AppDelegate.swift */ = {isa = PBXFileReference; lastKnownFileType = sourcecode.swift; path = AppDelegate.swift; sourceTree = "<group>"; };
		B90FC1D3252C2B7B00170D48 /* SceneDelegate.swift */ = {isa = PBXFileReference; lastKnownFileType = sourcecode.swift; path = SceneDelegate.swift; sourceTree = "<group>"; };
		B90FC1D5252C2B7B00170D48 /* ViewController.swift */ = {isa = PBXFileReference; lastKnownFileType = sourcecode.swift; path = ViewController.swift; sourceTree = "<group>"; };
		B90FC1D8252C2B7B00170D48 /* Base */ = {isa = PBXFileReference; lastKnownFileType = file.storyboard; name = Base; path = Base.lproj/Main.storyboard; sourceTree = "<group>"; };
		B90FC1DA252C2B8100170D48 /* Assets.xcassets */ = {isa = PBXFileReference; lastKnownFileType = folder.assetcatalog; path = Assets.xcassets; sourceTree = "<group>"; };
		B90FC1DD252C2B8100170D48 /* Base */ = {isa = PBXFileReference; lastKnownFileType = file.storyboard; name = Base; path = Base.lproj/LaunchScreen.storyboard; sourceTree = "<group>"; };
		B90FC1DF252C2B8100170D48 /* Info.plist */ = {isa = PBXFileReference; lastKnownFileType = text.plist.xml; path = Info.plist; sourceTree = "<group>"; };
/* End PBXFileReference section */

/* Begin PBXFrameworksBuildPhase section */
		B90FC1CB252C2B7B00170D48 /* Frameworks */ = {
			isa = PBXFrameworksBuildPhase;
			buildActionMask = 2147483647;
			files = (
			);
			runOnlyForDeploymentPostprocessing = 0;
		};
/* End PBXFrameworksBuildPhase section */

/* Begin PBXGroup section */
		B90FC1C5252C2B7B00170D48 = {
			isa = PBXGroup;
			children = (
				B90FC1D0252C2B7B00170D48 /* LearnAnimation */,
				B90FC1CF252C2B7B00170D48 /* Products */,
			);
			sourceTree = "<group>";
		};
		B90FC1CF252C2B7B00170D48 /* Products */ = {
			isa = PBXGroup;
			children = (
				B90FC1CE252C2B7B00170D48 /* LearnAnimation.app */,
			);
			name = Products;
			sourceTree = "<group>";
		};
		B90FC1D0252C2B7B00170D48 /* LearnAnimation */ = {
			isa = PBXGroup;
			children = (
				B90FC1D1252C2B7B00170D48 /* AppDelegate.swift */,
				B90FC1D3252C2B7B00170D48 /* SceneDelegate.swift */,
				B90FC1D5252C2B7B00170D48 /* ViewController.swift */,
				B90FC1D7252C2B7B00170D48 /* Main.storyboard */,
				B90FC1DA252C2B8100170D48 /* Assets.xcassets */,
				B90FC1DC252C2B8100170D48 /* LaunchScreen.storyboard */,
				B90FC1DF252C2B8100170D48 /* Info.plist */,
			);
			path = LearnAnimation;
			sourceTree = "<group>";
		};
/* End PBXGroup section */

/* Begin PBXNativeTarget section */
		B90FC1CD252C2B7B00170D48 /* LearnAnimation */ = {
			isa = PBXNativeTarget;
			buildConfigurationList = B90FC1E2252C2B8100170D48 /* Build configuration list for PBXNativeTarget "LearnAnimation" */;
			buildPhases = (
				B90FC1CA252C2B7B00170D48 /* Sources */,
				B90FC1CB252C2B7B00170D48 /* Frameworks */,
				B90FC1CC252C2B7B00170D48 /* Resources */,
			);
			buildRules = (
			);
			dependencies = (
			);
			name = LearnAnimation;
			productName = LearnAnimation;
			productReference = B90FC1CE252C2B7B00170D48 /* LearnAnimation.app */;
			productType = "com.apple.product-type.application";
		};
/* End PBXNativeTarget section */

/* Begin PBXProject section */
		B90FC1C6252C2B7B00170D48 /* Project object */ = {
			isa = PBXProject;
			attributes = {
				LastSwiftUpdateCheck = 1140;
				LastUpgradeCheck = 1140;
				ORGANIZATIONNAME = rerlanggas;
				TargetAttributes = {
					B90FC1CD252C2B7B00170D48 = {
						CreatedOnToolsVersion = 11.4.1;
					};
				};
			};
			buildConfigurationList = B90FC1C9252C2B7B00170D48 /* Build configuration list for PBXProject "LearnAnimation" */;
			compatibilityVersion = "Xcode 9.3";
			developmentRegion = en;
			hasScannedForEncodings = 0;
			knownRegions = (
				en,
				Base,
			);
			mainGroup = B90FC1C5252C2B7B00170D48;
			productRefGroup = B90FC1CF252C2B7B00170D48 /* Products */;
			projectDirPath = "";
			projectRoot = "";
			targets = (
				B90FC1CD252C2B7B00170D48 /* LearnAnimation */,
			);
		};
/* End PBXProject section */

/* Begin PBXResourcesBuildPhase section */
		B90FC1CC252C2B7B00170D48 /* Resources */ = {
			isa = PBXResourcesBuildPhase;
			buildActionMask = 2147483647;
			files = (
				B90FC1DE252C2B8100170D48 /* LaunchScreen.storyboard in Resources */,
				B90FC1DB252C2B8100170D48 /* Assets.xcassets in Resources */,
				B90FC1D9252C2B7B00170D48 /* Main.storyboard in Resources */,
			);
			runOnlyForDeploymentPostprocessing = 0;
		};
/* End PBXResourcesBuildPhase section */

/* Begin PBXSourcesBuildPhase section */
		B90FC1CA252C2B7B00170D48 /* Sources */ = {
			isa = PBXSourcesBuildPhase;
			buildActionMask = 2147483647;
			files = (
				B90FC1D6252C2B7B00170D48 /* ViewController.swift in Sources */,
				B90FC1D2252C2B7B00170D48 /* AppDelegate.swift in Sources */,
				B90FC1D4252C2B7B00170D48 /* SceneDelegate.swift in Sources */,
			);
			runOnlyForDeploymentPostprocessing = 0;
		};
/* End PBXSourcesBuildPhase section */

/* Begin PBXVariantGroup section */
		B90FC1D7252C2B7B00170D48 /* Main.storyboard */ = {
			isa = PBXVariantGroup;
			children = (
				B90FC1D8252C2B7B00170D48 /* Base */,
			);
			name = Main.storyboard;
			sourceTree = "<group>";
		};
		B90FC1DC252C2B8100170D48 /* LaunchScreen.storyboard */ = {
			isa = PBXVariantGroup;
			children = (
				B90FC1DD252C2B8100170D48 /* Base */,
			);
			name = LaunchScreen.storyboard;
			sourceTree = "<group>";
		};
/* End PBXVariantGroup section */

/* Begin XCBuildConfiguration section */
		B90FC1E0252C2B8100170D48 /* Debug */ = {
			isa = XCBuildConfiguration;
			buildSettings = {
				ALWAYS_SEARCH_USER_PATHS = NO;
				CLANG_ANALYZER_NONNULL = YES;
				CLANG_ANALYZER_NUMBER_OBJECT_CONVERSION = YES_AGGRESSIVE;
				CLANG_CXX_LANGUAGE_STANDARD = "gnu++14";
				CLANG_CXX_LIBRARY = "libc++";
				CLANG_ENABLE_MODULES = YES;
				CLANG_ENABLE_OBJC_ARC = YES;
				CLANG_ENABLE_OBJC_WEAK = YES;
				CLANG_WARN_BLOCK_CAPTURE_AUTORELEASING = YES;
				CLANG_WARN_BOOL_CONVERSION = YES;
				CLANG_WARN_COMMA = YES;
				CLANG_WARN_CONSTANT_CONVERSION = YES;
				CLANG_WARN_DEPRECATED_OBJC_IMPLEMENTATIONS = YES;
				CLANG_WARN_DIRECT_OBJC_ISA_USAGE = YES_ERROR;
				CLANG_WARN_DOCUMENTATION_COMMENTS = YES;
				CLANG_WARN_EMPTY_BODY = YES;
				CLANG_WARN_ENUM_CONVERSION = YES;
				CLANG_WARN_INFINITE_RECURSION = YES;
				CLANG_WARN_INT_CONVERSION = YES;
				CLANG_WARN_NON_LITERAL_NULL_CONVERSION = YES;
				CLANG_WARN_OBJC_IMPLICIT_RETAIN_SELF = YES;
				CLANG_WARN_OBJC_LITERAL_CONVERSION = YES;
				CLANG_WARN_OBJC_ROOT_CLASS = YES_ERROR;
				CLANG_WARN_RANGE_LOOP_ANALYSIS = YES;
				CLANG_WARN_STRICT_PROTOTYPES = YES;
				CLANG_WARN_SUSPICIOUS_MOVE = YES;
				CLANG_WARN_UNGUARDED_AVAILABILITY = YES_AGGRESSIVE;
				CLANG_WARN_UNREACHABLE_CODE = YES;
				CLANG_WARN__DUPLICATE_METHOD_MATCH = YES;
				COPY_PHASE_STRIP = NO;
				DEBUG_INFORMATION_FORMAT = dwarf;
				ENABLE_STRICT_OBJC_MSGSEND = YES;
				ENABLE_TESTABILITY = YES;
				GCC_C_LANGUAGE_STANDARD = gnu11;
				GCC_DYNAMIC_NO_PIC = NO;
				GCC_NO_COMMON_BLOCKS = YES;
				GCC_OPTIMIZATION_LEVEL = 0;
				GCC_PREPROCESSOR_DEFINITIONS = (
					"DEBUG=1",
					"$(inherited)",
				);
				GCC_WARN_64_TO_32_BIT_CONVERSION = YES;
				GCC_WARN_ABOUT_RETURN_TYPE = YES_ERROR;
				GCC_WARN_UNDECLARED_SELECTOR = YES;
				GCC_WARN_UNINITIALIZED_AUTOS = YES_AGGRESSIVE;
				GCC_WARN_UNUSED_FUNCTION = YES;
				GCC_WARN_UNUSED_VARIABLE = YES;
				IPHONEOS_DEPLOYMENT_TARGET = 13.4;
				MTL_ENABLE_DEBUG_INFO = INCLUDE_SOURCE;
				MTL_FAST_MATH = YES;
				ONLY_ACTIVE_ARCH = YES;
				SDKROOT = iphoneos;
				SWIFT_ACTIVE_COMPILATION_CONDITIONS = DEBUG;
				SWIFT_OPTIMIZATION_LEVEL = "-Onone";
			};
			name = Debug;
		};
		B90FC1E1252C2B8100170D48 /* Release */ = {
			isa = XCBuildConfiguration;
			buildSettings = {
				ALWAYS_SEARCH_USER_PATHS = NO;
				CLANG_ANALYZER_NONNULL = YES;
				CLANG_ANALYZER_NUMBER_OBJECT_CONVERSION = YES_AGGRESSIVE;
				CLANG_CXX_LANGUAGE_STANDARD = "gnu++14";
				CLANG_CXX_LIBRARY = "libc++";
				CLANG_ENABLE_MODULES = YES;
				CLANG_ENABLE_OBJC_ARC = YES;
				CLANG_ENABLE_OBJC_WEAK = YES;
				CLANG_WARN_BLOCK_CAPTURE_AUTORELEASING = YES;
				CLANG_WARN_BOOL_CONVERSION = YES;
				CLANG_WARN_COMMA = YES;
				CLANG_WARN_CONSTANT_CONVERSION = YES;
				CLANG_WARN_DEPRECATED_OBJC_IMPLEMENTATIONS = YES;
				CLANG_WARN_DIRECT_OBJC_ISA_USAGE = YES_ERROR;
				CLANG_WARN_DOCUMENTATION_COMMENTS = YES;
				CLANG_WARN_EMPTY_BODY = YES;
				CLANG_WARN_ENUM_CONVERSION = YES;
				CLANG_WARN_INFINITE_RECURSION = YES;
				CLANG_WARN_INT_CONVERSION = YES;
				CLANG_WARN_NON_LITERAL_NULL_CONVERSION = YES;
				CLANG_WARN_OBJC_IMPLICIT_RETAIN_SELF = YES;
				CLANG_WARN_OBJC_LITERAL_CONVERSION = YES;
				CLANG_WARN_OBJC_ROOT_CLASS = YES_ERROR;
				CLANG_WARN_RANGE_LOOP_ANALYSIS = YES;
				CLANG_WARN_STRICT_PROTOTYPES = YES;
				CLANG_WARN_SUSPICIOUS_MOVE = YES;
				CLANG_WARN_UNGUARDED_AVAILABILITY = YES_AGGRESSIVE;
				CLANG_WARN_UNREACHABLE_CODE = YES;
				CLANG_WARN__DUPLICATE_METHOD_MATCH = YES;
				COPY_PHASE_STRIP = NO;
				DEBUG_INFORMATION_FORMAT = "dwarf-with-dsym";
				ENABLE_NS_ASSERTIONS = NO;
				ENABLE_STRICT_OBJC_MSGSEND = YES;
				GCC_C_LANGUAGE_STANDARD = gnu11;
				GCC_NO_COMMON_BLOCKS = YES;
				GCC_WARN_64_TO_32_BIT_CONVERSION = YES;
				GCC_WARN_ABOUT_RETURN_TYPE = YES_ERROR;
				GCC_WARN_UNDECLARED_SELECTOR = YES;
				GCC_WARN_UNINITIALIZED_AUTOS = YES_AGGRESSIVE;
				GCC_WARN_UNUSED_FUNCTION = YES;
				GCC_WARN_UNUSED_VARIABLE = YES;
				IPHONEOS_DEPLOYMENT_TARGET = 13.4;
				MTL_ENABLE_DEBUG_INFO = NO;
				MTL_FAST_MATH = YES;
				SDKROOT = iphoneos;
				SWIFT_COMPILATION_MODE = wholemodule;
				SWIFT_OPTIMIZATION_LEVEL = "-O";
				VALIDATE_PRODUCT = YES;
			};
			name = Release;
		};
		B90FC1E3252C2B8100170D48 /* Debug */ = {
			isa = XCBuildConfiguration;
			buildSettings = {
				ASSETCATALOG_COMPILER_APPICON_NAME = AppIcon;
				CODE_SIGN_STYLE = Automatic;
				DEVELOPMENT_TEAM = GRA3TCVUN9;
				INFOPLIST_FILE = LearnAnimation/Info.plist;
				LD_RUNPATH_SEARCH_PATHS = (
					"$(inherited)",
					"@executable_path/Frameworks",
				);
				PRODUCT_BUNDLE_IDENTIFIER = rerlanggas.LearnAnimation;
				PRODUCT_NAME = "$(TARGET_NAME)";
				SWIFT_VERSION = 5.0;
				TARGETED_DEVICE_FAMILY = "1,2";
			};
			name = Debug;
		};
		B90FC1E4252C2B8100170D48 /* Release */ = {
			isa = XCBuildConfiguration;
			buildSettings = {
				ASSETCATALOG_COMPILER_APPICON_NAME = AppIcon;
				CODE_SIGN_STYLE = Automatic;
				DEVELOPMENT_TEAM = GRA3TCVUN9;
				INFOPLIST_FILE = LearnAnimation/Info.plist;
				LD_RUNPATH_SEARCH_PATHS = (
					"$(inherited)",
					"@executable_path/Frameworks",
				);
				PRODUCT_BUNDLE_IDENTIFIER = rerlanggas.LearnAnimation;
				PRODUCT_NAME = "$(TARGET_NAME)";
				SWIFT_VERSION = 5.0;
				TARGETED_DEVICE_FAMILY = "1,2";
			};
			name = Release;
		};
/* End XCBuildConfiguration section */

/* Begin XCConfigurationList section */
		B90FC1C9252C2B7B00170D48 /* Build configuration list for PBXProject "LearnAnimation" */ = {
			isa = XCConfigurationList;
			buildConfigurations = (
				B90FC1E0252C2B8100170D48 /* Debug */,
				B90FC1E1252C2B8100170D48 /* Release */,
			);
			defaultConfigurationIsVisible = 0;
			defaultConfigurationName = Release;
		};
		B90FC1E2252C2B8100170D48 /* Build configuration list for PBXNativeTarget "LearnAnimation" */ = {
			isa = XCConfigurationList;
			buildConfigurations = (
				B90FC1E3252C2B8100170D48 /* Debug */,
				B90FC1E4252C2B8100170D48 /* Release */,
			);
			defaultConfigurationIsVisible = 0;
			defaultConfigurationName = Release;
		};
/* End XCConfigurationList section */
	};
	rootObject = B90FC1C6252C2B7B00170D48 /* Project object */;
}
